// !$*UTF8*$!
{
	archiveVersion = 1;
	classes = {
	};
	objectVersion = 55;
	objects = {

/* Begin PBXBuildFile section */
		8223AB5B2818917700DEF1E9 /* AppDelegate.swift in Sources */ = {isa = PBXBuildFile; fileRef = 8223AB5A2818917700DEF1E9 /* AppDelegate.swift */; };
		8223AB5D2818917700DEF1E9 /* SceneDelegate.swift in Sources */ = {isa = PBXBuildFile; fileRef = 8223AB5C2818917700DEF1E9 /* SceneDelegate.swift */; };
		8223AB622818917700DEF1E9 /* Main.storyboard in Resources */ = {isa = PBXBuildFile; fileRef = 8223AB602818917700DEF1E9 /* Main.storyboard */; };
		8223AB642818917800DEF1E9 /* Assets.xcassets in Resources */ = {isa = PBXBuildFile; fileRef = 8223AB632818917800DEF1E9 /* Assets.xcassets */; };
		8223AB672818917800DEF1E9 /* LaunchScreen.storyboard in Resources */ = {isa = PBXBuildFile; fileRef = 8223AB652818917800DEF1E9 /* LaunchScreen.storyboard */; };
		8223AB9C281891EE00DEF1E9 /* UIViewController+FromString.swift in Sources */ = {isa = PBXBuildFile; fileRef = 8223AB8F281891ED00DEF1E9 /* UIViewController+FromString.swift */; };
		8223AB9D281891EE00DEF1E9 /* String+Utils.swift in Sources */ = {isa = PBXBuildFile; fileRef = 8223AB90281891ED00DEF1E9 /* String+Utils.swift */; };
		8223AB9E281891EE00DEF1E9 /* BaseViewController.swift in Sources */ = {isa = PBXBuildFile; fileRef = 8223AB92281891ED00DEF1E9 /* BaseViewController.swift */; };
		8223AB9F281891EE00DEF1E9 /* KeysViewController.swift in Sources */ = {isa = PBXBuildFile; fileRef = 8223AB93281891ED00DEF1E9 /* KeysViewController.swift */; };
		8223ABA0281891EE00DEF1E9 /* HomeViewController.swift in Sources */ = {isa = PBXBuildFile; fileRef = 8223AB94281891ED00DEF1E9 /* HomeViewController.swift */; };
		8223ABA1281891EE00DEF1E9 /* TabBarViewController.swift in Sources */ = {isa = PBXBuildFile; fileRef = 8223AB96281891EE00DEF1E9 /* TabBarViewController.swift */; };
		8223ABA2281891EE00DEF1E9 /* TabBarViewController.storyboard in Resources */ = {isa = PBXBuildFile; fileRef = 8223AB97281891EE00DEF1E9 /* TabBarViewController.storyboard */; };
		8223ABA3281891EE00DEF1E9 /* ProfileViewController.swift in Sources */ = {isa = PBXBuildFile; fileRef = 8223AB98281891EE00DEF1E9 /* ProfileViewController.swift */; };
		8223ABA4281891EE00DEF1E9 /* ViewControllerFactory.swift in Sources */ = {isa = PBXBuildFile; fileRef = 8223AB99281891EE00DEF1E9 /* ViewControllerFactory.swift */; };
		8223ABA5281891EE00DEF1E9 /* SharedNavigationController.swift in Sources */ = {isa = PBXBuildFile; fileRef = 8223AB9A281891EE00DEF1E9 /* SharedNavigationController.swift */; };
		8223ABC12819B9B200DEF1E9 /* ProfileHeaderView.swift in Sources */ = {isa = PBXBuildFile; fileRef = 8223ABC02819B9B200DEF1E9 /* ProfileHeaderView.swift */; };
		8223ABC32819BE8500DEF1E9 /* SharedAvatarImageView.swift in Sources */ = {isa = PBXBuildFile; fileRef = 8223ABC22819BE8500DEF1E9 /* SharedAvatarImageView.swift */; };
		8223ABC82819ECFA00DEF1E9 /* UIFont+Theme.swift in Sources */ = {isa = PBXBuildFile; fileRef = 8223ABC72819ECFA00DEF1E9 /* UIFont+Theme.swift */; };
		8223ABCA281A0C7200DEF1E9 /* SharedSpacer.swift in Sources */ = {isa = PBXBuildFile; fileRef = 8223ABC9281A0C7200DEF1E9 /* SharedSpacer.swift */; };
		8223ABCC28205EBC00DEF1E9 /* SharedDivider.swift in Sources */ = {isa = PBXBuildFile; fileRef = 8223ABCB28205EBC00DEF1E9 /* SharedDivider.swift */; };
		8223ABD828208C9200DEF1E9 /* SharedButton.swift in Sources */ = {isa = PBXBuildFile; fileRef = 8223ABD728208C9200DEF1E9 /* SharedButton.swift */; };
		8223ABF42821A1C800DEF1E9 /* ProximaNova-Bold.ttf in Resources */ = {isa = PBXBuildFile; fileRef = 8223ABEF2821A1C800DEF1E9 /* ProximaNova-Bold.ttf */; };
		8223ABF52821A1C800DEF1E9 /* ProximaNova-Italic.ttf in Resources */ = {isa = PBXBuildFile; fileRef = 8223ABF02821A1C800DEF1E9 /* ProximaNova-Italic.ttf */; };
		8223ABF62821A1C800DEF1E9 /* ProximaNova-Semibold.ttf in Resources */ = {isa = PBXBuildFile; fileRef = 8223ABF12821A1C800DEF1E9 /* ProximaNova-Semibold.ttf */; };
		8223ABF72821A1C900DEF1E9 /* ProximaNova-Thin.ttf in Resources */ = {isa = PBXBuildFile; fileRef = 8223ABF22821A1C800DEF1E9 /* ProximaNova-Thin.ttf */; };
		8223ABF82821A1C900DEF1E9 /* ProximaNova-Regular.ttf in Resources */ = {isa = PBXBuildFile; fileRef = 8223ABF32821A1C800DEF1E9 /* ProximaNova-Regular.ttf */; };
		8223ABFC28247E6600DEF1E9 /* UIColor+Theme.swift in Sources */ = {isa = PBXBuildFile; fileRef = 8223ABFB28247E6600DEF1E9 /* UIColor+Theme.swift */; };
		8223ABFF28247E8F00DEF1E9 /* UIView+FromNib.swift in Sources */ = {isa = PBXBuildFile; fileRef = 8223ABFD28247E8F00DEF1E9 /* UIView+FromNib.swift */; };
		8223AC0228247EDA00DEF1E9 /* SharedStackView.swift in Sources */ = {isa = PBXBuildFile; fileRef = 8223AC0128247ED900DEF1E9 /* SharedStackView.swift */; };
		8223AC042829993B00DEF1E9 /* SharedLabel.swift in Sources */ = {isa = PBXBuildFile; fileRef = 8223AC032829993B00DEF1E9 /* SharedLabel.swift */; };
		8223AC062829AFC500DEF1E9 /* SharedTextField.swift in Sources */ = {isa = PBXBuildFile; fileRef = 8223AC052829AFC500DEF1E9 /* SharedTextField.swift */; };
		8223AC082829B3AF00DEF1E9 /* SharedImagePicker.swift in Sources */ = {isa = PBXBuildFile; fileRef = 8223AC072829B3AF00DEF1E9 /* SharedImagePicker.swift */; };
		8223AC0B282B176A00DEF1E9 /* SharedProfileHeaderViewController.swift in Sources */ = {isa = PBXBuildFile; fileRef = 8223AC0A282B176A00DEF1E9 /* SharedProfileHeaderViewController.swift */; };
		8223AC10282C2AEB00DEF1E9 /* SDWebImage in Frameworks */ = {isa = PBXBuildFile; productRef = 8223AC0F282C2AEB00DEF1E9 /* SDWebImage */; };
		8223AC13282C2AFB00DEF1E9 /* KeychainSwift in Frameworks */ = {isa = PBXBuildFile; productRef = 8223AC12282C2AFB00DEF1E9 /* KeychainSwift */; };
		8223AC16282C2B3E00DEF1E9 /* DSNPWallet in Frameworks */ = {isa = PBXBuildFile; productRef = 8223AC15282C2B3E00DEF1E9 /* DSNPWallet */; };
		8223AC1A282C2E4100DEF1E9 /* GenerateKeysViewController.swift in Sources */ = {isa = PBXBuildFile; fileRef = 8223AC19282C2E4100DEF1E9 /* GenerateKeysViewController.swift */; };
		8223AC1F282C770700DEF1E9 /* User.swift in Sources */ = {isa = PBXBuildFile; fileRef = 8223AC1E282C770700DEF1E9 /* User.swift */; };
		8223AC21282DBF9500DEF1E9 /* TabBarViewModel.swift in Sources */ = {isa = PBXBuildFile; fileRef = 8223AC20282DBF9500DEF1E9 /* TabBarViewModel.swift */; };
		82931361282ECF1C000422BC /* PinViewController.swift in Sources */ = {isa = PBXBuildFile; fileRef = 82931360282ECF1C000422BC /* PinViewController.swift */; };
		82931363282ED519000422BC /* Keychain.swift in Sources */ = {isa = PBXBuildFile; fileRef = 82931362282ED519000422BC /* Keychain.swift */; };
		82931366282ED548000422BC /* AccountKeychain.swift in Sources */ = {isa = PBXBuildFile; fileRef = 82931365282ED548000422BC /* AccountKeychain.swift */; };
		8293137328341D45000422BC /* Key.swift in Sources */ = {isa = PBXBuildFile; fileRef = 8293137228341D45000422BC /* Key.swift */; };
		82C4DDEF283D459400A95E2A /* DSNP-WalletTests.swift in Sources */ = {isa = PBXBuildFile; fileRef = 82C4DDEE283D459400A95E2A /* DSNP-WalletTests.swift */; };
		82C4DDF3283D45A800A95E2A /* DSNP-WalletUITestsLaunchTests.swift in Sources */ = {isa = PBXBuildFile; fileRef = 82C4DDF1283D45A800A95E2A /* DSNP-WalletUITestsLaunchTests.swift */; };
		82C4DDF4283D45A800A95E2A /* DSNP-WalletUITests.swift in Sources */ = {isa = PBXBuildFile; fileRef = 82C4DDF2283D45A800A95E2A /* DSNP-WalletUITests.swift */; };
/* End PBXBuildFile section */

/* Begin PBXContainerItemProxy section */
		8223AB6E2818917800DEF1E9 /* PBXContainerItemProxy */ = {
			isa = PBXContainerItemProxy;
			containerPortal = 8223AB4F2818917700DEF1E9 /* Project object */;
			proxyType = 1;
			remoteGlobalIDString = 8223AB562818917700DEF1E9;
			remoteInfo = "dsnp-wallet";
		};
		8223AB782818917900DEF1E9 /* PBXContainerItemProxy */ = {
			isa = PBXContainerItemProxy;
			containerPortal = 8223AB4F2818917700DEF1E9 /* Project object */;
			proxyType = 1;
			remoteGlobalIDString = 8223AB562818917700DEF1E9;
			remoteInfo = "dsnp-wallet";
		};
/* End PBXContainerItemProxy section */

/* Begin PBXFileReference section */
		8223AB572818917700DEF1E9 /* DSNP-Wallet.app */ = {isa = PBXFileReference; explicitFileType = wrapper.application; includeInIndex = 0; path = "DSNP-Wallet.app"; sourceTree = BUILT_PRODUCTS_DIR; };
		8223AB5A2818917700DEF1E9 /* AppDelegate.swift */ = {isa = PBXFileReference; lastKnownFileType = sourcecode.swift; path = AppDelegate.swift; sourceTree = "<group>"; };
		8223AB5C2818917700DEF1E9 /* SceneDelegate.swift */ = {isa = PBXFileReference; lastKnownFileType = sourcecode.swift; path = SceneDelegate.swift; sourceTree = "<group>"; };
		8223AB612818917700DEF1E9 /* Base */ = {isa = PBXFileReference; lastKnownFileType = file.storyboard; name = Base; path = Base.lproj/Main.storyboard; sourceTree = "<group>"; };
		8223AB632818917800DEF1E9 /* Assets.xcassets */ = {isa = PBXFileReference; lastKnownFileType = folder.assetcatalog; path = Assets.xcassets; sourceTree = "<group>"; };
		8223AB662818917800DEF1E9 /* Base */ = {isa = PBXFileReference; lastKnownFileType = file.storyboard; name = Base; path = Base.lproj/LaunchScreen.storyboard; sourceTree = "<group>"; };
		8223AB682818917800DEF1E9 /* Info.plist */ = {isa = PBXFileReference; lastKnownFileType = text.plist.xml; path = Info.plist; sourceTree = "<group>"; };
		8223AB6D2818917800DEF1E9 /* DSNP-WalletTests.xctest */ = {isa = PBXFileReference; explicitFileType = wrapper.cfbundle; includeInIndex = 0; path = "DSNP-WalletTests.xctest"; sourceTree = BUILT_PRODUCTS_DIR; };
		8223AB772818917900DEF1E9 /* DSNP-WalletUITests.xctest */ = {isa = PBXFileReference; explicitFileType = wrapper.cfbundle; includeInIndex = 0; path = "DSNP-WalletUITests.xctest"; sourceTree = BUILT_PRODUCTS_DIR; };
		8223AB8F281891ED00DEF1E9 /* UIViewController+FromString.swift */ = {isa = PBXFileReference; fileEncoding = 4; lastKnownFileType = sourcecode.swift; path = "UIViewController+FromString.swift"; sourceTree = "<group>"; };
		8223AB90281891ED00DEF1E9 /* String+Utils.swift */ = {isa = PBXFileReference; fileEncoding = 4; lastKnownFileType = sourcecode.swift; path = "String+Utils.swift"; sourceTree = "<group>"; };
		8223AB92281891ED00DEF1E9 /* BaseViewController.swift */ = {isa = PBXFileReference; fileEncoding = 4; lastKnownFileType = sourcecode.swift; path = BaseViewController.swift; sourceTree = "<group>"; };
		8223AB93281891ED00DEF1E9 /* KeysViewController.swift */ = {isa = PBXFileReference; fileEncoding = 4; lastKnownFileType = sourcecode.swift; path = KeysViewController.swift; sourceTree = "<group>"; };
		8223AB94281891ED00DEF1E9 /* HomeViewController.swift */ = {isa = PBXFileReference; fileEncoding = 4; lastKnownFileType = sourcecode.swift; path = HomeViewController.swift; sourceTree = "<group>"; };
		8223AB96281891EE00DEF1E9 /* TabBarViewController.swift */ = {isa = PBXFileReference; fileEncoding = 4; lastKnownFileType = sourcecode.swift; path = TabBarViewController.swift; sourceTree = "<group>"; };
		8223AB97281891EE00DEF1E9 /* TabBarViewController.storyboard */ = {isa = PBXFileReference; fileEncoding = 4; lastKnownFileType = file.storyboard; path = TabBarViewController.storyboard; sourceTree = "<group>"; };
		8223AB98281891EE00DEF1E9 /* ProfileViewController.swift */ = {isa = PBXFileReference; fileEncoding = 4; lastKnownFileType = sourcecode.swift; path = ProfileViewController.swift; sourceTree = "<group>"; };
		8223AB99281891EE00DEF1E9 /* ViewControllerFactory.swift */ = {isa = PBXFileReference; fileEncoding = 4; lastKnownFileType = sourcecode.swift; path = ViewControllerFactory.swift; sourceTree = "<group>"; };
		8223AB9A281891EE00DEF1E9 /* SharedNavigationController.swift */ = {isa = PBXFileReference; fileEncoding = 4; lastKnownFileType = sourcecode.swift; path = SharedNavigationController.swift; sourceTree = "<group>"; };
		8223ABC02819B9B200DEF1E9 /* ProfileHeaderView.swift */ = {isa = PBXFileReference; lastKnownFileType = sourcecode.swift; path = ProfileHeaderView.swift; sourceTree = "<group>"; };
		8223ABC22819BE8500DEF1E9 /* SharedAvatarImageView.swift */ = {isa = PBXFileReference; lastKnownFileType = sourcecode.swift; path = SharedAvatarImageView.swift; sourceTree = "<group>"; };
		8223ABC72819ECFA00DEF1E9 /* UIFont+Theme.swift */ = {isa = PBXFileReference; lastKnownFileType = sourcecode.swift; path = "UIFont+Theme.swift"; sourceTree = "<group>"; };
		8223ABC9281A0C7200DEF1E9 /* SharedSpacer.swift */ = {isa = PBXFileReference; lastKnownFileType = sourcecode.swift; path = SharedSpacer.swift; sourceTree = "<group>"; };
		8223ABCB28205EBC00DEF1E9 /* SharedDivider.swift */ = {isa = PBXFileReference; lastKnownFileType = sourcecode.swift; path = SharedDivider.swift; sourceTree = "<group>"; };
		8223ABD728208C9200DEF1E9 /* SharedButton.swift */ = {isa = PBXFileReference; lastKnownFileType = sourcecode.swift; path = SharedButton.swift; sourceTree = "<group>"; };
		8223ABEF2821A1C800DEF1E9 /* ProximaNova-Bold.ttf */ = {isa = PBXFileReference; lastKnownFileType = file; path = "ProximaNova-Bold.ttf"; sourceTree = "<group>"; };
		8223ABF02821A1C800DEF1E9 /* ProximaNova-Italic.ttf */ = {isa = PBXFileReference; lastKnownFileType = file; path = "ProximaNova-Italic.ttf"; sourceTree = "<group>"; };
		8223ABF12821A1C800DEF1E9 /* ProximaNova-Semibold.ttf */ = {isa = PBXFileReference; lastKnownFileType = file; path = "ProximaNova-Semibold.ttf"; sourceTree = "<group>"; };
		8223ABF22821A1C800DEF1E9 /* ProximaNova-Thin.ttf */ = {isa = PBXFileReference; lastKnownFileType = file; path = "ProximaNova-Thin.ttf"; sourceTree = "<group>"; };
		8223ABF32821A1C800DEF1E9 /* ProximaNova-Regular.ttf */ = {isa = PBXFileReference; lastKnownFileType = file; path = "ProximaNova-Regular.ttf"; sourceTree = "<group>"; };
		8223ABFB28247E6600DEF1E9 /* UIColor+Theme.swift */ = {isa = PBXFileReference; fileEncoding = 4; lastKnownFileType = sourcecode.swift; path = "UIColor+Theme.swift"; sourceTree = "<group>"; };
		8223ABFD28247E8F00DEF1E9 /* UIView+FromNib.swift */ = {isa = PBXFileReference; fileEncoding = 4; lastKnownFileType = sourcecode.swift; path = "UIView+FromNib.swift"; sourceTree = "<group>"; };
		8223AC0128247ED900DEF1E9 /* SharedStackView.swift */ = {isa = PBXFileReference; fileEncoding = 4; lastKnownFileType = sourcecode.swift; path = SharedStackView.swift; sourceTree = "<group>"; };
		8223AC032829993B00DEF1E9 /* SharedLabel.swift */ = {isa = PBXFileReference; lastKnownFileType = sourcecode.swift; path = SharedLabel.swift; sourceTree = "<group>"; };
		8223AC052829AFC500DEF1E9 /* SharedTextField.swift */ = {isa = PBXFileReference; lastKnownFileType = sourcecode.swift; path = SharedTextField.swift; sourceTree = "<group>"; };
		8223AC072829B3AF00DEF1E9 /* SharedImagePicker.swift */ = {isa = PBXFileReference; lastKnownFileType = sourcecode.swift; path = SharedImagePicker.swift; sourceTree = "<group>"; };
		8223AC0A282B176A00DEF1E9 /* SharedProfileHeaderViewController.swift */ = {isa = PBXFileReference; lastKnownFileType = sourcecode.swift; path = SharedProfileHeaderViewController.swift; sourceTree = "<group>"; };
		8223AC19282C2E4100DEF1E9 /* GenerateKeysViewController.swift */ = {isa = PBXFileReference; lastKnownFileType = sourcecode.swift; path = GenerateKeysViewController.swift; sourceTree = "<group>"; };
		8223AC1E282C770700DEF1E9 /* User.swift */ = {isa = PBXFileReference; lastKnownFileType = sourcecode.swift; path = User.swift; sourceTree = "<group>"; };
		8223AC20282DBF9500DEF1E9 /* TabBarViewModel.swift */ = {isa = PBXFileReference; lastKnownFileType = sourcecode.swift; path = TabBarViewModel.swift; sourceTree = "<group>"; };
		82931360282ECF1C000422BC /* PinViewController.swift */ = {isa = PBXFileReference; lastKnownFileType = sourcecode.swift; path = PinViewController.swift; sourceTree = "<group>"; };
		82931362282ED519000422BC /* Keychain.swift */ = {isa = PBXFileReference; lastKnownFileType = sourcecode.swift; path = Keychain.swift; sourceTree = "<group>"; };
		82931365282ED548000422BC /* AccountKeychain.swift */ = {isa = PBXFileReference; lastKnownFileType = sourcecode.swift; path = AccountKeychain.swift; sourceTree = "<group>"; };
		8293137228341D45000422BC /* Key.swift */ = {isa = PBXFileReference; lastKnownFileType = sourcecode.swift; path = Key.swift; sourceTree = "<group>"; };
		82C4DDEE283D459400A95E2A /* DSNP-WalletTests.swift */ = {isa = PBXFileReference; fileEncoding = 4; lastKnownFileType = sourcecode.swift; name = "DSNP-WalletTests.swift"; path = "../../DSNP-Wallet/DSNP-WalletTests/DSNP-WalletTests.swift"; sourceTree = "<group>"; };
		82C4DDF1283D45A800A95E2A /* DSNP-WalletUITestsLaunchTests.swift */ = {isa = PBXFileReference; fileEncoding = 4; lastKnownFileType = sourcecode.swift; name = "DSNP-WalletUITestsLaunchTests.swift"; path = "../../DSNP-Wallet/DSNP-WalletUITests/DSNP-WalletUITestsLaunchTests.swift"; sourceTree = "<group>"; };
		82C4DDF2283D45A800A95E2A /* DSNP-WalletUITests.swift */ = {isa = PBXFileReference; fileEncoding = 4; lastKnownFileType = sourcecode.swift; name = "DSNP-WalletUITests.swift"; path = "../../DSNP-Wallet/DSNP-WalletUITests/DSNP-WalletUITests.swift"; sourceTree = "<group>"; };
/* End PBXFileReference section */

/* Begin PBXFrameworksBuildPhase section */
		8223AB542818917700DEF1E9 /* Frameworks */ = {
			isa = PBXFrameworksBuildPhase;
			buildActionMask = 2147483647;
			files = (
				8223AC13282C2AFB00DEF1E9 /* KeychainSwift in Frameworks */,
				8223AC16282C2B3E00DEF1E9 /* DSNPWallet in Frameworks */,
				8223AC10282C2AEB00DEF1E9 /* SDWebImage in Frameworks */,
			);
			runOnlyForDeploymentPostprocessing = 0;
		};
		8223AB6A2818917800DEF1E9 /* Frameworks */ = {
			isa = PBXFrameworksBuildPhase;
			buildActionMask = 2147483647;
			files = (
			);
			runOnlyForDeploymentPostprocessing = 0;
		};
		8223AB742818917900DEF1E9 /* Frameworks */ = {
			isa = PBXFrameworksBuildPhase;
			buildActionMask = 2147483647;
			files = (
			);
			runOnlyForDeploymentPostprocessing = 0;
		};
/* End PBXFrameworksBuildPhase section */

/* Begin PBXGroup section */
		8223AB4E2818917700DEF1E9 = {
			isa = PBXGroup;
			children = (
				8223AB592818917700DEF1E9 /* DSNP-Wallet */,
				8223AB702818917800DEF1E9 /* DSNP-WalletTests */,
				8223AB7A2818917900DEF1E9 /* DSNP-WalletUITests */,
				8223AB582818917700DEF1E9 /* Products */,
			);
			sourceTree = "<group>";
		};
		8223AB582818917700DEF1E9 /* Products */ = {
			isa = PBXGroup;
			children = (
				8223AB572818917700DEF1E9 /* DSNP-Wallet.app */,
				8223AB6D2818917800DEF1E9 /* DSNP-WalletTests.xctest */,
				8223AB772818917900DEF1E9 /* DSNP-WalletUITests.xctest */,
			);
			name = Products;
			sourceTree = "<group>";
		};
		8223AB592818917700DEF1E9 /* DSNP-Wallet */ = {
			isa = PBXGroup;
			children = (
				8223AB8B281891ED00DEF1E9 /* Source */,
				8223ABCD2820808500DEF1E9 /* Resources */,
				8223AB5A2818917700DEF1E9 /* AppDelegate.swift */,
				8223AB5C2818917700DEF1E9 /* SceneDelegate.swift */,
				8223AB602818917700DEF1E9 /* Main.storyboard */,
				8223AB632818917800DEF1E9 /* Assets.xcassets */,
				8223AB652818917800DEF1E9 /* LaunchScreen.storyboard */,
				8223AB682818917800DEF1E9 /* Info.plist */,
			);
			path = "DSNP-Wallet";
			sourceTree = "<group>";
		};
		8223AB702818917800DEF1E9 /* DSNP-WalletTests */ = {
			isa = PBXGroup;
			children = (
				82C4DDEE283D459400A95E2A /* DSNP-WalletTests.swift */,
			);
			path = "DSNP-WalletTests";
			sourceTree = "<group>";
		};
		8223AB7A2818917900DEF1E9 /* DSNP-WalletUITests */ = {
			isa = PBXGroup;
			children = (
				82C4DDF2283D45A800A95E2A /* DSNP-WalletUITests.swift */,
				82C4DDF1283D45A800A95E2A /* DSNP-WalletUITestsLaunchTests.swift */,
			);
			path = "DSNP-WalletUITests";
			sourceTree = "<group>";
		};
		8223AB8B281891ED00DEF1E9 /* Source */ = {
			isa = PBXGroup;
			children = (
				8223AC1D282C76FC00DEF1E9 /* Models */,
				8223ABB22819AF4800DEF1E9 /* Views */,
				8223AB91281891ED00DEF1E9 /* ViewControllers */,
				8223AB8D281891ED00DEF1E9 /* Extensions */,
				8223AC09282ACB8100DEF1E9 /* Util */,
			);
			path = Source;
			sourceTree = "<group>";
		};
		8223AB8D281891ED00DEF1E9 /* Extensions */ = {
			isa = PBXGroup;
			children = (
				8223AB8F281891ED00DEF1E9 /* UIViewController+FromString.swift */,
				8223AB90281891ED00DEF1E9 /* String+Utils.swift */,
				8223ABFB28247E6600DEF1E9 /* UIColor+Theme.swift */,
				8223ABFD28247E8F00DEF1E9 /* UIView+FromNib.swift */,
				8223ABC72819ECFA00DEF1E9 /* UIFont+Theme.swift */,
			);
			path = Extensions;
			sourceTree = "<group>";
		};
		8223AB91281891ED00DEF1E9 /* ViewControllers */ = {
			isa = PBXGroup;
			children = (
				8223AB95281891EE00DEF1E9 /* TabBarViewController */,
				8223AC17282C2DBF00DEF1E9 /* Shared */,
				8223AC18282C2DD400DEF1E9 /* Foundation */,
				8223AC19282C2E4100DEF1E9 /* GenerateKeysViewController.swift */,
				82931360282ECF1C000422BC /* PinViewController.swift */,
				8223AB94281891ED00DEF1E9 /* HomeViewController.swift */,
				8223AB98281891EE00DEF1E9 /* ProfileViewController.swift */,
				8223AB93281891ED00DEF1E9 /* KeysViewController.swift */,
			);
			path = ViewControllers;
			sourceTree = "<group>";
		};
		8223AB95281891EE00DEF1E9 /* TabBarViewController */ = {
			isa = PBXGroup;
			children = (
				8223AB96281891EE00DEF1E9 /* TabBarViewController.swift */,
				8223AB97281891EE00DEF1E9 /* TabBarViewController.storyboard */,
				8223AC20282DBF9500DEF1E9 /* TabBarViewModel.swift */,
			);
			path = TabBarViewController;
			sourceTree = "<group>";
		};
		8223ABB22819AF4800DEF1E9 /* Views */ = {
			isa = PBXGroup;
			children = (
				8223ABB32819AF4E00DEF1E9 /* Shared */,
				8223ABC02819B9B200DEF1E9 /* ProfileHeaderView.swift */,
			);
			path = Views;
			sourceTree = "<group>";
		};
		8223ABB32819AF4E00DEF1E9 /* Shared */ = {
			isa = PBXGroup;
			children = (
				8223ABC22819BE8500DEF1E9 /* SharedAvatarImageView.swift */,
				8223ABD728208C9200DEF1E9 /* SharedButton.swift */,
				8223ABCB28205EBC00DEF1E9 /* SharedDivider.swift */,
				8223AC032829993B00DEF1E9 /* SharedLabel.swift */,
				8223ABC9281A0C7200DEF1E9 /* SharedSpacer.swift */,
				8223AC0128247ED900DEF1E9 /* SharedStackView.swift */,
				8223AC052829AFC500DEF1E9 /* SharedTextField.swift */,
			);
			path = Shared;
			sourceTree = "<group>";
		};
		8223ABCD2820808500DEF1E9 /* Resources */ = {
			isa = PBXGroup;
			children = (
				8223ABCE2820808B00DEF1E9 /* Fonts */,
			);
			path = Resources;
			sourceTree = "<group>";
		};
		8223ABCE2820808B00DEF1E9 /* Fonts */ = {
			isa = PBXGroup;
			children = (
				8223ABEF2821A1C800DEF1E9 /* ProximaNova-Bold.ttf */,
				8223ABF02821A1C800DEF1E9 /* ProximaNova-Italic.ttf */,
				8223ABF32821A1C800DEF1E9 /* ProximaNova-Regular.ttf */,
				8223ABF12821A1C800DEF1E9 /* ProximaNova-Semibold.ttf */,
				8223ABF22821A1C800DEF1E9 /* ProximaNova-Thin.ttf */,
			);
			path = Fonts;
			sourceTree = "<group>";
		};
		8223AC09282ACB8100DEF1E9 /* Util */ = {
			isa = PBXGroup;
			children = (
				82931364282ED51C000422BC /* Security */,
				8223AC072829B3AF00DEF1E9 /* SharedImagePicker.swift */,
			);
			path = Util;
			sourceTree = "<group>";
		};
		8223AC17282C2DBF00DEF1E9 /* Shared */ = {
			isa = PBXGroup;
			children = (
				8223AB9A281891EE00DEF1E9 /* SharedNavigationController.swift */,
				8223AC0A282B176A00DEF1E9 /* SharedProfileHeaderViewController.swift */,
			);
			path = Shared;
			sourceTree = "<group>";
		};
		8223AC18282C2DD400DEF1E9 /* Foundation */ = {
			isa = PBXGroup;
			children = (
				8223AB92281891ED00DEF1E9 /* BaseViewController.swift */,
				8223AB99281891EE00DEF1E9 /* ViewControllerFactory.swift */,
			);
			path = Foundation;
			sourceTree = "<group>";
		};
		8223AC1D282C76FC00DEF1E9 /* Models */ = {
			isa = PBXGroup;
			children = (
				8223AC1E282C770700DEF1E9 /* User.swift */,
				8293137228341D45000422BC /* Key.swift */,
			);
			path = Models;
			sourceTree = "<group>";
		};
		82931364282ED51C000422BC /* Security */ = {
			isa = PBXGroup;
			children = (
				82931362282ED519000422BC /* Keychain.swift */,
				82931365282ED548000422BC /* AccountKeychain.swift */,
			);
			path = Security;
			sourceTree = "<group>";
		};
/* End PBXGroup section */

/* Begin PBXNativeTarget section */
		8223AB562818917700DEF1E9 /* DSNP-Wallet */ = {
			isa = PBXNativeTarget;
			buildConfigurationList = 8223AB812818917900DEF1E9 /* Build configuration list for PBXNativeTarget "DSNP-Wallet" */;
			buildPhases = (
				8223AB532818917700DEF1E9 /* Sources */,
				8223AB542818917700DEF1E9 /* Frameworks */,
				8223AB552818917700DEF1E9 /* Resources */,
			);
			buildRules = (
			);
			dependencies = (
			);
			name = "DSNP-Wallet";
			packageProductDependencies = (
				8223AC0F282C2AEB00DEF1E9 /* SDWebImage */,
				8223AC12282C2AFB00DEF1E9 /* KeychainSwift */,
				8223AC15282C2B3E00DEF1E9 /* DSNPWallet */,
			);
			productName = "dsnp-wallet";
			productReference = 8223AB572818917700DEF1E9 /* DSNP-Wallet.app */;
			productType = "com.apple.product-type.application";
		};
		8223AB6C2818917800DEF1E9 /* DSNP-WalletTests */ = {
			isa = PBXNativeTarget;
			buildConfigurationList = 8223AB842818917900DEF1E9 /* Build configuration list for PBXNativeTarget "DSNP-WalletTests" */;
			buildPhases = (
				8223AB692818917800DEF1E9 /* Sources */,
				8223AB6A2818917800DEF1E9 /* Frameworks */,
				8223AB6B2818917800DEF1E9 /* Resources */,
			);
			buildRules = (
			);
			dependencies = (
				8223AB6F2818917800DEF1E9 /* PBXTargetDependency */,
			);
			name = "DSNP-WalletTests";
			productName = "dsnp-walletTests";
			productReference = 8223AB6D2818917800DEF1E9 /* DSNP-WalletTests.xctest */;
			productType = "com.apple.product-type.bundle.unit-test";
		};
		8223AB762818917900DEF1E9 /* DSNP-WalletUITests */ = {
			isa = PBXNativeTarget;
			buildConfigurationList = 8223AB872818917900DEF1E9 /* Build configuration list for PBXNativeTarget "DSNP-WalletUITests" */;
			buildPhases = (
				8223AB732818917900DEF1E9 /* Sources */,
				8223AB742818917900DEF1E9 /* Frameworks */,
				8223AB752818917900DEF1E9 /* Resources */,
			);
			buildRules = (
			);
			dependencies = (
				8223AB792818917900DEF1E9 /* PBXTargetDependency */,
			);
			name = "DSNP-WalletUITests";
			productName = "dsnp-walletUITests";
			productReference = 8223AB772818917900DEF1E9 /* DSNP-WalletUITests.xctest */;
			productType = "com.apple.product-type.bundle.ui-testing";
		};
/* End PBXNativeTarget section */

/* Begin PBXProject section */
		8223AB4F2818917700DEF1E9 /* Project object */ = {
			isa = PBXProject;
			attributes = {
				BuildIndependentTargetsInParallel = 1;
				LastSwiftUpdateCheck = 1320;
				LastUpgradeCheck = 1320;
				TargetAttributes = {
					8223AB562818917700DEF1E9 = {
						CreatedOnToolsVersion = 13.2.1;
					};
					8223AB6C2818917800DEF1E9 = {
						CreatedOnToolsVersion = 13.2.1;
						TestTargetID = 8223AB562818917700DEF1E9;
					};
					8223AB762818917900DEF1E9 = {
						CreatedOnToolsVersion = 13.2.1;
						LastSwiftMigration = 1320;
						TestTargetID = 8223AB562818917700DEF1E9;
					};
				};
			};
			buildConfigurationList = 8223AB522818917700DEF1E9 /* Build configuration list for PBXProject "DSNP-Wallet" */;
			compatibilityVersion = "Xcode 13.0";
			developmentRegion = en;
			hasScannedForEncodings = 0;
			knownRegions = (
				en,
				Base,
			);
			mainGroup = 8223AB4E2818917700DEF1E9;
			packageReferences = (
				8223AC0E282C2AEB00DEF1E9 /* XCRemoteSwiftPackageReference "SDWebImage" */,
				8223AC11282C2AFB00DEF1E9 /* XCRemoteSwiftPackageReference "keychain-swift" */,
				8223AC14282C2B3E00DEF1E9 /* XCRemoteSwiftPackageReference "dsnp-embedded-wallet-swift" */,
			);
			productRefGroup = 8223AB582818917700DEF1E9 /* Products */;
			projectDirPath = "";
			projectRoot = "";
			targets = (
				8223AB562818917700DEF1E9 /* DSNP-Wallet */,
				8223AB6C2818917800DEF1E9 /* DSNP-WalletTests */,
				8223AB762818917900DEF1E9 /* DSNP-WalletUITests */,
			);
		};
/* End PBXProject section */

/* Begin PBXResourcesBuildPhase section */
		8223AB552818917700DEF1E9 /* Resources */ = {
			isa = PBXResourcesBuildPhase;
			buildActionMask = 2147483647;
			files = (
				8223AB672818917800DEF1E9 /* LaunchScreen.storyboard in Resources */,
				8223ABA2281891EE00DEF1E9 /* TabBarViewController.storyboard in Resources */,
				8223AB642818917800DEF1E9 /* Assets.xcassets in Resources */,
				8223AB622818917700DEF1E9 /* Main.storyboard in Resources */,
				8223ABF62821A1C800DEF1E9 /* ProximaNova-Semibold.ttf in Resources */,
				8223ABF52821A1C800DEF1E9 /* ProximaNova-Italic.ttf in Resources */,
				8223ABF82821A1C900DEF1E9 /* ProximaNova-Regular.ttf in Resources */,
				8223ABF72821A1C900DEF1E9 /* ProximaNova-Thin.ttf in Resources */,
				8223ABF42821A1C800DEF1E9 /* ProximaNova-Bold.ttf in Resources */,
			);
			runOnlyForDeploymentPostprocessing = 0;
		};
		8223AB6B2818917800DEF1E9 /* Resources */ = {
			isa = PBXResourcesBuildPhase;
			buildActionMask = 2147483647;
			files = (
			);
			runOnlyForDeploymentPostprocessing = 0;
		};
		8223AB752818917900DEF1E9 /* Resources */ = {
			isa = PBXResourcesBuildPhase;
			buildActionMask = 2147483647;
			files = (
			);
			runOnlyForDeploymentPostprocessing = 0;
		};
/* End PBXResourcesBuildPhase section */

/* Begin PBXSourcesBuildPhase section */
		8223AB532818917700DEF1E9 /* Sources */ = {
			isa = PBXSourcesBuildPhase;
			buildActionMask = 2147483647;
			files = (
				8223AC062829AFC500DEF1E9 /* SharedTextField.swift in Sources */,
				8223AC0228247EDA00DEF1E9 /* SharedStackView.swift in Sources */,
				8223AC0B282B176A00DEF1E9 /* SharedProfileHeaderViewController.swift in Sources */,
				8223ABFF28247E8F00DEF1E9 /* UIView+FromNib.swift in Sources */,
				8223AB9C281891EE00DEF1E9 /* UIViewController+FromString.swift in Sources */,
				82931366282ED548000422BC /* AccountKeychain.swift in Sources */,
				8223AB9D281891EE00DEF1E9 /* String+Utils.swift in Sources */,
				8223AB5B2818917700DEF1E9 /* AppDelegate.swift in Sources */,
				82931363282ED519000422BC /* Keychain.swift in Sources */,
				8223AC1A282C2E4100DEF1E9 /* GenerateKeysViewController.swift in Sources */,
				8223ABA0281891EE00DEF1E9 /* HomeViewController.swift in Sources */,
				8223ABA5281891EE00DEF1E9 /* SharedNavigationController.swift in Sources */,
				8223ABC12819B9B200DEF1E9 /* ProfileHeaderView.swift in Sources */,
				8293137328341D45000422BC /* Key.swift in Sources */,
				8223ABCA281A0C7200DEF1E9 /* SharedSpacer.swift in Sources */,
				8223ABA3281891EE00DEF1E9 /* ProfileViewController.swift in Sources */,
				8223ABCC28205EBC00DEF1E9 /* SharedDivider.swift in Sources */,
				8223ABD828208C9200DEF1E9 /* SharedButton.swift in Sources */,
				8223AC21282DBF9500DEF1E9 /* TabBarViewModel.swift in Sources */,
				82931361282ECF1C000422BC /* PinViewController.swift in Sources */,
				8223ABC32819BE8500DEF1E9 /* SharedAvatarImageView.swift in Sources */,
				8223AC082829B3AF00DEF1E9 /* SharedImagePicker.swift in Sources */,
				8223ABFC28247E6600DEF1E9 /* UIColor+Theme.swift in Sources */,
				8223AC042829993B00DEF1E9 /* SharedLabel.swift in Sources */,
				8223AB9E281891EE00DEF1E9 /* BaseViewController.swift in Sources */,
				8223AB9F281891EE00DEF1E9 /* KeysViewController.swift in Sources */,
				8223ABC82819ECFA00DEF1E9 /* UIFont+Theme.swift in Sources */,
				8223ABA4281891EE00DEF1E9 /* ViewControllerFactory.swift in Sources */,
				8223AC1F282C770700DEF1E9 /* User.swift in Sources */,
				8223ABA1281891EE00DEF1E9 /* TabBarViewController.swift in Sources */,
				8223AB5D2818917700DEF1E9 /* SceneDelegate.swift in Sources */,
			);
			runOnlyForDeploymentPostprocessing = 0;
		};
		8223AB692818917800DEF1E9 /* Sources */ = {
			isa = PBXSourcesBuildPhase;
			buildActionMask = 2147483647;
			files = (
				82C4DDEF283D459400A95E2A /* DSNP-WalletTests.swift in Sources */,
			);
			runOnlyForDeploymentPostprocessing = 0;
		};
		8223AB732818917900DEF1E9 /* Sources */ = {
			isa = PBXSourcesBuildPhase;
			buildActionMask = 2147483647;
			files = (
				82C4DDF3283D45A800A95E2A /* DSNP-WalletUITestsLaunchTests.swift in Sources */,
				82C4DDF4283D45A800A95E2A /* DSNP-WalletUITests.swift in Sources */,
			);
			runOnlyForDeploymentPostprocessing = 0;
		};
/* End PBXSourcesBuildPhase section */

/* Begin PBXTargetDependency section */
		8223AB6F2818917800DEF1E9 /* PBXTargetDependency */ = {
			isa = PBXTargetDependency;
			target = 8223AB562818917700DEF1E9 /* DSNP-Wallet */;
			targetProxy = 8223AB6E2818917800DEF1E9 /* PBXContainerItemProxy */;
		};
		8223AB792818917900DEF1E9 /* PBXTargetDependency */ = {
			isa = PBXTargetDependency;
			target = 8223AB562818917700DEF1E9 /* DSNP-Wallet */;
			targetProxy = 8223AB782818917900DEF1E9 /* PBXContainerItemProxy */;
		};
/* End PBXTargetDependency section */

/* Begin PBXVariantGroup section */
		8223AB602818917700DEF1E9 /* Main.storyboard */ = {
			isa = PBXVariantGroup;
			children = (
				8223AB612818917700DEF1E9 /* Base */,
			);
			name = Main.storyboard;
			sourceTree = "<group>";
		};
		8223AB652818917800DEF1E9 /* LaunchScreen.storyboard */ = {
			isa = PBXVariantGroup;
			children = (
				8223AB662818917800DEF1E9 /* Base */,
			);
			name = LaunchScreen.storyboard;
			sourceTree = "<group>";
		};
/* End PBXVariantGroup section */

/* Begin XCBuildConfiguration section */
		8223AB7F2818917900DEF1E9 /* Debug */ = {
			isa = XCBuildConfiguration;
			buildSettings = {
				ALWAYS_SEARCH_USER_PATHS = NO;
				CLANG_ANALYZER_NONNULL = YES;
				CLANG_ANALYZER_NUMBER_OBJECT_CONVERSION = YES_AGGRESSIVE;
				CLANG_CXX_LANGUAGE_STANDARD = "gnu++17";
				CLANG_CXX_LIBRARY = "libc++";
				CLANG_ENABLE_MODULES = YES;
				CLANG_ENABLE_OBJC_ARC = YES;
				CLANG_ENABLE_OBJC_WEAK = YES;
				CLANG_WARN_BLOCK_CAPTURE_AUTORELEASING = YES;
				CLANG_WARN_BOOL_CONVERSION = YES;
				CLANG_WARN_COMMA = YES;
				CLANG_WARN_CONSTANT_CONVERSION = YES;
				CLANG_WARN_DEPRECATED_OBJC_IMPLEMENTATIONS = YES;
				CLANG_WARN_DIRECT_OBJC_ISA_USAGE = YES_ERROR;
				CLANG_WARN_DOCUMENTATION_COMMENTS = YES;
				CLANG_WARN_EMPTY_BODY = YES;
				CLANG_WARN_ENUM_CONVERSION = YES;
				CLANG_WARN_INFINITE_RECURSION = YES;
				CLANG_WARN_INT_CONVERSION = YES;
				CLANG_WARN_NON_LITERAL_NULL_CONVERSION = YES;
				CLANG_WARN_OBJC_IMPLICIT_RETAIN_SELF = YES;
				CLANG_WARN_OBJC_LITERAL_CONVERSION = YES;
				CLANG_WARN_OBJC_ROOT_CLASS = YES_ERROR;
				CLANG_WARN_QUOTED_INCLUDE_IN_FRAMEWORK_HEADER = YES;
				CLANG_WARN_RANGE_LOOP_ANALYSIS = YES;
				CLANG_WARN_STRICT_PROTOTYPES = YES;
				CLANG_WARN_SUSPICIOUS_MOVE = YES;
				CLANG_WARN_UNGUARDED_AVAILABILITY = YES_AGGRESSIVE;
				CLANG_WARN_UNREACHABLE_CODE = YES;
				CLANG_WARN__DUPLICATE_METHOD_MATCH = YES;
				COPY_PHASE_STRIP = NO;
				DEBUG_INFORMATION_FORMAT = dwarf;
				ENABLE_STRICT_OBJC_MSGSEND = YES;
				ENABLE_TESTABILITY = YES;
				GCC_C_LANGUAGE_STANDARD = gnu11;
				GCC_DYNAMIC_NO_PIC = NO;
				GCC_NO_COMMON_BLOCKS = YES;
				GCC_OPTIMIZATION_LEVEL = 0;
				GCC_PREPROCESSOR_DEFINITIONS = (
					"DEBUG=1",
					"$(inherited)",
				);
				GCC_WARN_64_TO_32_BIT_CONVERSION = YES;
				GCC_WARN_ABOUT_RETURN_TYPE = YES_ERROR;
				GCC_WARN_UNDECLARED_SELECTOR = YES;
				GCC_WARN_UNINITIALIZED_AUTOS = YES_AGGRESSIVE;
				GCC_WARN_UNUSED_FUNCTION = YES;
				GCC_WARN_UNUSED_VARIABLE = YES;
				IPHONEOS_DEPLOYMENT_TARGET = 15.2;
				MTL_ENABLE_DEBUG_INFO = INCLUDE_SOURCE;
				MTL_FAST_MATH = YES;
				ONLY_ACTIVE_ARCH = YES;
				SDKROOT = iphoneos;
				SWIFT_ACTIVE_COMPILATION_CONDITIONS = DEBUG;
				SWIFT_OPTIMIZATION_LEVEL = "-Onone";
			};
			name = Debug;
		};
		8223AB802818917900DEF1E9 /* Release */ = {
			isa = XCBuildConfiguration;
			buildSettings = {
				ALWAYS_SEARCH_USER_PATHS = NO;
				CLANG_ANALYZER_NONNULL = YES;
				CLANG_ANALYZER_NUMBER_OBJECT_CONVERSION = YES_AGGRESSIVE;
				CLANG_CXX_LANGUAGE_STANDARD = "gnu++17";
				CLANG_CXX_LIBRARY = "libc++";
				CLANG_ENABLE_MODULES = YES;
				CLANG_ENABLE_OBJC_ARC = YES;
				CLANG_ENABLE_OBJC_WEAK = YES;
				CLANG_WARN_BLOCK_CAPTURE_AUTORELEASING = YES;
				CLANG_WARN_BOOL_CONVERSION = YES;
				CLANG_WARN_COMMA = YES;
				CLANG_WARN_CONSTANT_CONVERSION = YES;
				CLANG_WARN_DEPRECATED_OBJC_IMPLEMENTATIONS = YES;
				CLANG_WARN_DIRECT_OBJC_ISA_USAGE = YES_ERROR;
				CLANG_WARN_DOCUMENTATION_COMMENTS = YES;
				CLANG_WARN_EMPTY_BODY = YES;
				CLANG_WARN_ENUM_CONVERSION = YES;
				CLANG_WARN_INFINITE_RECURSION = YES;
				CLANG_WARN_INT_CONVERSION = YES;
				CLANG_WARN_NON_LITERAL_NULL_CONVERSION = YES;
				CLANG_WARN_OBJC_IMPLICIT_RETAIN_SELF = YES;
				CLANG_WARN_OBJC_LITERAL_CONVERSION = YES;
				CLANG_WARN_OBJC_ROOT_CLASS = YES_ERROR;
				CLANG_WARN_QUOTED_INCLUDE_IN_FRAMEWORK_HEADER = YES;
				CLANG_WARN_RANGE_LOOP_ANALYSIS = YES;
				CLANG_WARN_STRICT_PROTOTYPES = YES;
				CLANG_WARN_SUSPICIOUS_MOVE = YES;
				CLANG_WARN_UNGUARDED_AVAILABILITY = YES_AGGRESSIVE;
				CLANG_WARN_UNREACHABLE_CODE = YES;
				CLANG_WARN__DUPLICATE_METHOD_MATCH = YES;
				COPY_PHASE_STRIP = NO;
				DEBUG_INFORMATION_FORMAT = "dwarf-with-dsym";
				ENABLE_NS_ASSERTIONS = NO;
				ENABLE_STRICT_OBJC_MSGSEND = YES;
				GCC_C_LANGUAGE_STANDARD = gnu11;
				GCC_NO_COMMON_BLOCKS = YES;
				GCC_WARN_64_TO_32_BIT_CONVERSION = YES;
				GCC_WARN_ABOUT_RETURN_TYPE = YES_ERROR;
				GCC_WARN_UNDECLARED_SELECTOR = YES;
				GCC_WARN_UNINITIALIZED_AUTOS = YES_AGGRESSIVE;
				GCC_WARN_UNUSED_FUNCTION = YES;
				GCC_WARN_UNUSED_VARIABLE = YES;
				IPHONEOS_DEPLOYMENT_TARGET = 15.2;
				MTL_ENABLE_DEBUG_INFO = NO;
				MTL_FAST_MATH = YES;
				SDKROOT = iphoneos;
				SWIFT_COMPILATION_MODE = wholemodule;
				SWIFT_OPTIMIZATION_LEVEL = "-O";
				VALIDATE_PRODUCT = YES;
			};
			name = Release;
		};
		8223AB822818917900DEF1E9 /* Debug */ = {
			isa = XCBuildConfiguration;
			buildSettings = {
				ASSETCATALOG_COMPILER_APPICON_NAME = AppIcon;
				ASSETCATALOG_COMPILER_GLOBAL_ACCENT_COLOR_NAME = AccentColor;
				CODE_SIGN_STYLE = Automatic;
				CURRENT_PROJECT_VERSION = 1;
				DEVELOPMENT_TEAM = U95Q67332B;
				GENERATE_INFOPLIST_FILE = YES;
				INFOPLIST_FILE = "DSNP-Wallet/Info.plist";
				INFOPLIST_KEY_NSCameraUsageDescription = "Allow access to your photos for your profile.";
				INFOPLIST_KEY_NSPhotoLibraryUsageDescription = "Allow access to your camera for your profile. ";
				INFOPLIST_KEY_UIApplicationSupportsIndirectInputEvents = YES;
				INFOPLIST_KEY_UILaunchStoryboardName = LaunchScreen;
				INFOPLIST_KEY_UIMainStoryboardFile = Main;
				INFOPLIST_KEY_UISupportedInterfaceOrientations_iPad = "UIInterfaceOrientationPortrait UIInterfaceOrientationPortraitUpsideDown UIInterfaceOrientationLandscapeLeft UIInterfaceOrientationLandscapeRight";
				INFOPLIST_KEY_UISupportedInterfaceOrientations_iPhone = "UIInterfaceOrientationPortrait UIInterfaceOrientationLandscapeLeft UIInterfaceOrientationLandscapeRight";
				LD_RUNPATH_SEARCH_PATHS = (
					"$(inherited)",
					"@executable_path/Frameworks",
				);
				MARKETING_VERSION = 1.0;
				PRODUCT_BUNDLE_IDENTIFIER = "com.unfinished.dsnp-wallet";
				PRODUCT_NAME = "$(TARGET_NAME)";
				SWIFT_EMIT_LOC_STRINGS = YES;
				SWIFT_VERSION = 5.0;
				TARGETED_DEVICE_FAMILY = "1,2";
			};
			name = Debug;
		};
		8223AB832818917900DEF1E9 /* Release */ = {
			isa = XCBuildConfiguration;
			buildSettings = {
				ASSETCATALOG_COMPILER_APPICON_NAME = AppIcon;
				ASSETCATALOG_COMPILER_GLOBAL_ACCENT_COLOR_NAME = AccentColor;
				CODE_SIGN_STYLE = Automatic;
				CURRENT_PROJECT_VERSION = 1;
				DEVELOPMENT_TEAM = U95Q67332B;
				GENERATE_INFOPLIST_FILE = YES;
				INFOPLIST_FILE = "DSNP-Wallet/Info.plist";
				INFOPLIST_KEY_NSCameraUsageDescription = "Allow access to your photos for your profile.";
				INFOPLIST_KEY_NSPhotoLibraryUsageDescription = "Allow access to your camera for your profile. ";
				INFOPLIST_KEY_UIApplicationSupportsIndirectInputEvents = YES;
				INFOPLIST_KEY_UILaunchStoryboardName = LaunchScreen;
				INFOPLIST_KEY_UIMainStoryboardFile = Main;
				INFOPLIST_KEY_UISupportedInterfaceOrientations_iPad = "UIInterfaceOrientationPortrait UIInterfaceOrientationPortraitUpsideDown UIInterfaceOrientationLandscapeLeft UIInterfaceOrientationLandscapeRight";
				INFOPLIST_KEY_UISupportedInterfaceOrientations_iPhone = "UIInterfaceOrientationPortrait UIInterfaceOrientationLandscapeLeft UIInterfaceOrientationLandscapeRight";
				LD_RUNPATH_SEARCH_PATHS = (
					"$(inherited)",
					"@executable_path/Frameworks",
				);
				MARKETING_VERSION = 1.0;
				PRODUCT_BUNDLE_IDENTIFIER = "com.unfinished.dsnp-wallet";
				PRODUCT_NAME = "$(TARGET_NAME)";
				SWIFT_EMIT_LOC_STRINGS = YES;
				SWIFT_VERSION = 5.0;
				TARGETED_DEVICE_FAMILY = "1,2";
			};
			name = Release;
		};
		8223AB852818917900DEF1E9 /* Debug */ = {
			isa = XCBuildConfiguration;
			buildSettings = {
				ALWAYS_EMBED_SWIFT_STANDARD_LIBRARIES = YES;
				BUNDLE_LOADER = "$(TEST_HOST)";
				CODE_SIGN_STYLE = Automatic;
				CURRENT_PROJECT_VERSION = 1;
				DEVELOPMENT_TEAM = U95Q67332B;
				GENERATE_INFOPLIST_FILE = YES;
				IPHONEOS_DEPLOYMENT_TARGET = 15.2;
				MARKETING_VERSION = 1.0;
				PRODUCT_BUNDLE_IDENTIFIER = "Unfinished-LLC.dsnp-walletTests";
				PRODUCT_NAME = "$(TARGET_NAME)";
				SWIFT_EMIT_LOC_STRINGS = NO;
				SWIFT_VERSION = 5.0;
				TARGETED_DEVICE_FAMILY = "1,2";
				TEST_HOST = "$(BUILT_PRODUCTS_DIR)/DSNP-Wallet.app/DSNP-Wallet";
			};
			name = Debug;
		};
		8223AB862818917900DEF1E9 /* Release */ = {
			isa = XCBuildConfiguration;
			buildSettings = {
				ALWAYS_EMBED_SWIFT_STANDARD_LIBRARIES = YES;
				BUNDLE_LOADER = "$(TEST_HOST)";
				CODE_SIGN_STYLE = Automatic;
				CURRENT_PROJECT_VERSION = 1;
				DEVELOPMENT_TEAM = U95Q67332B;
				GENERATE_INFOPLIST_FILE = YES;
				IPHONEOS_DEPLOYMENT_TARGET = 15.2;
				MARKETING_VERSION = 1.0;
				PRODUCT_BUNDLE_IDENTIFIER = "Unfinished-LLC.dsnp-walletTests";
				PRODUCT_NAME = "$(TARGET_NAME)";
				SWIFT_EMIT_LOC_STRINGS = NO;
				SWIFT_VERSION = 5.0;
				TARGETED_DEVICE_FAMILY = "1,2";
				TEST_HOST = "$(BUILT_PRODUCTS_DIR)/DSNP-Wallet.app/DSNP-Wallet";
			};
			name = Release;
		};
		8223AB882818917900DEF1E9 /* Debug */ = {
			isa = XCBuildConfiguration;
			buildSettings = {
				ALWAYS_EMBED_SWIFT_STANDARD_LIBRARIES = YES;
				CLANG_ENABLE_MODULES = YES;
				CODE_SIGN_STYLE = Automatic;
				CURRENT_PROJECT_VERSION = 1;
				DEVELOPMENT_TEAM = U95Q67332B;
				GENERATE_INFOPLIST_FILE = YES;
				LD_RUNPATH_SEARCH_PATHS = (
					"$(inherited)",
					"@executable_path/Frameworks",
					"@loader_path/Frameworks",
				);
				MARKETING_VERSION = 1.0;
				PRODUCT_BUNDLE_IDENTIFIER = "Unfinished-LLC.dsnp-walletUITests";
				PRODUCT_NAME = "$(TARGET_NAME)";
				PROVISIONING_PROFILE = "";
				SWIFT_EMIT_LOC_STRINGS = NO;
				SWIFT_OBJC_BRIDGING_HEADER = "";
				SWIFT_OPTIMIZATION_LEVEL = "-Onone";
				SWIFT_VERSION = 5.0;
				TARGETED_DEVICE_FAMILY = "1,2";
				TEST_TARGET_NAME = "DSNP-Wallet";
			};
			name = Debug;
		};
		8223AB892818917900DEF1E9 /* Release */ = {
			isa = XCBuildConfiguration;
			buildSettings = {
				ALWAYS_EMBED_SWIFT_STANDARD_LIBRARIES = YES;
				CLANG_ENABLE_MODULES = YES;
				CODE_SIGN_STYLE = Automatic;
				CURRENT_PROJECT_VERSION = 1;
				DEVELOPMENT_TEAM = U95Q67332B;
				GENERATE_INFOPLIST_FILE = YES;
				LD_RUNPATH_SEARCH_PATHS = (
					"$(inherited)",
					"@executable_path/Frameworks",
					"@loader_path/Frameworks",
				);
				MARKETING_VERSION = 1.0;
				PRODUCT_BUNDLE_IDENTIFIER = "Unfinished-LLC.dsnp-walletUITests";
				PRODUCT_NAME = "$(TARGET_NAME)";
				PROVISIONING_PROFILE = "";
				SWIFT_EMIT_LOC_STRINGS = NO;
				SWIFT_OBJC_BRIDGING_HEADER = "";
				SWIFT_VERSION = 5.0;
				TARGETED_DEVICE_FAMILY = "1,2";
				TEST_TARGET_NAME = "DSNP-Wallet";
			};
			name = Release;
		};
/* End XCBuildConfiguration section */

/* Begin XCConfigurationList section */
		8223AB522818917700DEF1E9 /* Build configuration list for PBXProject "DSNP-Wallet" */ = {
			isa = XCConfigurationList;
			buildConfigurations = (
				8223AB7F2818917900DEF1E9 /* Debug */,
				8223AB802818917900DEF1E9 /* Release */,
			);
			defaultConfigurationIsVisible = 0;
			defaultConfigurationName = Release;
		};
		8223AB812818917900DEF1E9 /* Build configuration list for PBXNativeTarget "DSNP-Wallet" */ = {
			isa = XCConfigurationList;
			buildConfigurations = (
				8223AB822818917900DEF1E9 /* Debug */,
				8223AB832818917900DEF1E9 /* Release */,
			);
			defaultConfigurationIsVisible = 0;
			defaultConfigurationName = Release;
		};
		8223AB842818917900DEF1E9 /* Build configuration list for PBXNativeTarget "DSNP-WalletTests" */ = {
			isa = XCConfigurationList;
			buildConfigurations = (
				8223AB852818917900DEF1E9 /* Debug */,
				8223AB862818917900DEF1E9 /* Release */,
			);
			defaultConfigurationIsVisible = 0;
			defaultConfigurationName = Release;
		};
		8223AB872818917900DEF1E9 /* Build configuration list for PBXNativeTarget "DSNP-WalletUITests" */ = {
			isa = XCConfigurationList;
			buildConfigurations = (
				8223AB882818917900DEF1E9 /* Debug */,
				8223AB892818917900DEF1E9 /* Release */,
			);
			defaultConfigurationIsVisible = 0;
			defaultConfigurationName = Release;
		};
/* End XCConfigurationList section */

/* Begin XCRemoteSwiftPackageReference section */
		8223AC0E282C2AEB00DEF1E9 /* XCRemoteSwiftPackageReference "SDWebImage" */ = {
			isa = XCRemoteSwiftPackageReference;
			repositoryURL = "https://github.com/SDWebImage/SDWebImage";
			requirement = {
				branch = master;
				kind = branch;
			};
		};
		8223AC11282C2AFB00DEF1E9 /* XCRemoteSwiftPackageReference "keychain-swift" */ = {
			isa = XCRemoteSwiftPackageReference;
			repositoryURL = "https://github.com/evgenyneu/keychain-swift.git";
			requirement = {
				branch = master;
				kind = branch;
			};
		};
		8223AC14282C2B3E00DEF1E9 /* XCRemoteSwiftPackageReference "dsnp-embedded-wallet-swift" */ = {
			isa = XCRemoteSwiftPackageReference;
			repositoryURL = "https://github.com/LibertyDSNP/dsnp-embedded-wallet-swift";
			requirement = {
				branch = master;
				kind = branch;
			};
		};
/* End XCRemoteSwiftPackageReference section */

/* Begin XCSwiftPackageProductDependency section */
		8223AC0F282C2AEB00DEF1E9 /* SDWebImage */ = {
			isa = XCSwiftPackageProductDependency;
			package = 8223AC0E282C2AEB00DEF1E9 /* XCRemoteSwiftPackageReference "SDWebImage" */;
			productName = SDWebImage;
		};
		8223AC12282C2AFB00DEF1E9 /* KeychainSwift */ = {
			isa = XCSwiftPackageProductDependency;
			package = 8223AC11282C2AFB00DEF1E9 /* XCRemoteSwiftPackageReference "keychain-swift" */;
			productName = KeychainSwift;
		};
		8223AC15282C2B3E00DEF1E9 /* DSNPWallet */ = {
			isa = XCSwiftPackageProductDependency;
			package = 8223AC14282C2B3E00DEF1E9 /* XCRemoteSwiftPackageReference "dsnp-embedded-wallet-swift" */;
			productName = DSNPWallet;
		};
/* End XCSwiftPackageProductDependency section */
	};
	rootObject = 8223AB4F2818917700DEF1E9 /* Project object */;
}
